
Microsoft Visual Studio Solution File, Format Version 12.00
# Visual Studio Version 16
VisualStudioVersion = 16.0.31515.178
MinimumVisualStudioVersion = 10.0.40219.1
Project("{FAE04EC0-301F-11D3-BF4B-00C04F79EFBC}") = "EjercicioPOO", "EjercicioPOO\EjercicioPOO.csproj", "{7551E3C1-A044-4901-8FC7-0D10FF3F8966}"
EndProject
Global
	GlobalSection(SolutionConfigurationPlatforms) = preSolution
		Debug|Any CPU = Debug|Any CPU
		Release|Any CPU = Release|Any CPU
	EndGlobalSection
	GlobalSection(ProjectConfigurationPlatforms) = postSolution
		{7551E3C1-A044-4901-8FC7-0D10FF3F8966}.Debug|Any CPU.ActiveCfg = Debug|Any CPU
		{7551E3C1-A044-4901-8FC7-0D10FF3F8966}.Debug|Any CPU.Build.0 = Debug|Any CPU
		{7551E3C1-A044-4901-8FC7-0D10FF3F8966}.Release|Any CPU.ActiveCfg = Release|Any CPU
		{7551E3C1-A044-4901-8FC7-0D10FF3F8966}.Release|Any CPU.Build.0 = Release|Any CPU
	EndGlobalSection
	GlobalSection(SolutionProperties) = preSolution
		HideSolutionNode = FALSE
	EndGlobalSection
	GlobalSection(ExtensibilityGlobals) = postSolution
		SolutionGuid = {874D2533-7383-4B77-BE98-FD70EDCE2572}
	EndGlobalSection
EndGlobal
